{
    "_readme": [
        "This file locks the dependencies of your project to a known state",
        "Read more about it at https://getcomposer.org/doc/01-basic-usage.md#installing-dependencies",
        "This file is @generated automatically"
    ],
    "content-hash": "28ac31de42d96e04193f06e72f3fcda3",
    "packages": [
        {
            "name": "hisamu/php-xbase",
            "version": "2.0.1",
            "source": {
                "type": "git",
                "url": "https://github.com/luads/php-xbase.git",
                "reference": "72e073693c594620ea6fc190b8d34a70e3ed4fc0"
            },
            "dist": {
                "type": "zip",
                "url": "https://api.github.com/repos/luads/php-xbase/zipball/72e073693c594620ea6fc190b8d34a70e3ed4fc0",
                "reference": "72e073693c594620ea6fc190b8d34a70e3ed4fc0",
                "shasum": ""
            },
            "require": {
                "ext-iconv": "*",
                "php": ">=7.1"
            },
            "require-dev": {
                "phpunit/phpunit": "^7.0||^8.0||^9.0"
            },
            "type": "library",
            "extra": {
                "branch-alias": {
                    "dev-master": "2.0.x-dev"
                }
            },
            "autoload": {
                "psr-4": {
                    "XBase\\": "src"
                },
                "exclude-from-classmap": [
                    "/tests"
                ]
            },
            "notification-url": "https://packagist.org/downloads/",
            "license": [
                "MIT"
            ],
            "authors": [
                {
                    "name": "Luã de Souza",
                    "email": "lsouza@codeinc.com.br"
                },
                {
                    "name": "Erwin Kooi",
                    "email": "info@cyane.nl"
                },
                {
                    "name": "Alexander Strizhak",
                    "email": "gam6itko@gmail.com"
                }
            ],
            "description": "A simple parser for *.dbf, *.fpt files using PHP",
            "homepage": "https://github.com/luads/php-xbase",
            "keywords": [
                "dbase",
                "dbf",
                "foxpro"
            ],
            "support": {
                "issues": "https://github.com/luads/php-xbase/issues",
                "source": "https://github.com/luads/php-xbase/tree/2.0.1"
            },
            "time": "2021-03-21T20:49:38+00:00"
        }
    ],
    "packages-dev": [],
    "aliases": [],
    "minimum-stability": "stable",
    "stability-flags": [],
    "prefer-stable": false,
    "prefer-lowest": false,
    "platform": {
        "php": ">=7.3"
    },
    "platform-dev": [],
    "plugin-api-version": "2.1.0"
}
